
Microsoft Visual Studio Solution File, Format Version 12.00
# Visual Studio Version 17
VisualStudioVersion = 17.12.35527.113 d17.12
MinimumVisualStudioVersion = 10.0.40219.1
Project("{FAE04EC0-301F-11D3-BF4B-00C04F79EFBC}") = "RESTA", "RESTA.csproj", "{24147866-0DA3-435E-981E-84448E04C4DF}"
EndProject
Global
	GlobalSection(SolutionConfigurationPlatforms) = preSolution
		Debug|Any CPU = Debug|Any CPU
		Release|Any CPU = Release|Any CPU
	EndGlobalSection
	GlobalSection(ProjectConfigurationPlatforms) = postSolution
		{24147866-0DA3-435E-981E-84448E04C4DF}.Debug|Any CPU.ActiveCfg = Debug|Any CPU
		{24147866-0DA3-435E-981E-84448E04C4DF}.Debug|Any CPU.Build.0 = Debug|Any CPU
		{24147866-0DA3-435E-981E-84448E04C4DF}.Release|Any CPU.ActiveCfg = Release|Any CPU
		{24147866-0DA3-435E-981E-84448E04C4DF}.Release|Any CPU.Build.0 = Release|Any CPU
	EndGlobalSection
	GlobalSection(SolutionProperties) = preSolution
		HideSolutionNode = FALSE
	EndGlobalSection
EndGlobal
